
Microsoft Visual Studio Solution File, Format Version 12.00
# Visual Studio 15
VisualStudioVersion = 15.0.28307.106
MinimumVisualStudioVersion = 10.0.40219.1
Project("{9A19103F-16F7-4668-BE54-9A1E7A4F7556}") = "Reex", "Reex\Reex.csproj", "{539B2107-45BE-406E-8EA8-4A1BD79B5192}"
EndProject
Project("{9A19103F-16F7-4668-BE54-9A1E7A4F7556}") = "Reex.Tests", "Reex.Tests\Reex.Tests.csproj", "{0507F11E-D927-4E69-BD75-5FBA5AD547DC}"
EndProject
Project("{FAE04EC0-301F-11D3-BF4B-00C04F79EFBC}") = "Reex.Services", "Reex.Services\Reex.Services.csproj", "{BEF86AFB-8FDF-4389-A9EC-0A3EC8078C84}"
EndProject
Project("{FAE04EC0-301F-11D3-BF4B-00C04F79EFBC}") = "Reex.Models", "Reex.Models\Reex.Models.csproj", "{6076EA98-8523-4085-BD63-C8E931BDE7CB}"
EndProject
Global
	GlobalSection(SolutionConfigurationPlatforms) = preSolution
		Debug|Any CPU = Debug|Any CPU
		Release|Any CPU = Release|Any CPU
	EndGlobalSection
	GlobalSection(ProjectConfigurationPlatforms) = postSolution
		{539B2107-45BE-406E-8EA8-4A1BD79B5192}.Debug|Any CPU.ActiveCfg = Debug|Any CPU
		{539B2107-45BE-406E-8EA8-4A1BD79B5192}.Debug|Any CPU.Build.0 = Debug|Any CPU
		{539B2107-45BE-406E-8EA8-4A1BD79B5192}.Release|Any CPU.ActiveCfg = Release|Any CPU
		{539B2107-45BE-406E-8EA8-4A1BD79B5192}.Release|Any CPU.Build.0 = Release|Any CPU
		{0507F11E-D927-4E69-BD75-5FBA5AD547DC}.Debug|Any CPU.ActiveCfg = Debug|Any CPU
		{0507F11E-D927-4E69-BD75-5FBA5AD547DC}.Debug|Any CPU.Build.0 = Debug|Any CPU
		{0507F11E-D927-4E69-BD75-5FBA5AD547DC}.Release|Any CPU.ActiveCfg = Release|Any CPU
		{0507F11E-D927-4E69-BD75-5FBA5AD547DC}.Release|Any CPU.Build.0 = Release|Any CPU
		{BEF86AFB-8FDF-4389-A9EC-0A3EC8078C84}.Debug|Any CPU.ActiveCfg = Debug|Any CPU
		{BEF86AFB-8FDF-4389-A9EC-0A3EC8078C84}.Debug|Any CPU.Build.0 = Debug|Any CPU
		{BEF86AFB-8FDF-4389-A9EC-0A3EC8078C84}.Release|Any CPU.ActiveCfg = Release|Any CPU
		{BEF86AFB-8FDF-4389-A9EC-0A3EC8078C84}.Release|Any CPU.Build.0 = Release|Any CPU
		{6076EA98-8523-4085-BD63-C8E931BDE7CB}.Debug|Any CPU.ActiveCfg = Debug|Any CPU
		{6076EA98-8523-4085-BD63-C8E931BDE7CB}.Debug|Any CPU.Build.0 = Debug|Any CPU
		{6076EA98-8523-4085-BD63-C8E931BDE7CB}.Release|Any CPU.ActiveCfg = Release|Any CPU
		{6076EA98-8523-4085-BD63-C8E931BDE7CB}.Release|Any CPU.Build.0 = Release|Any CPU
	EndGlobalSection
	GlobalSection(SolutionProperties) = preSolution
		HideSolutionNode = FALSE
	EndGlobalSection
	GlobalSection(ExtensibilityGlobals) = postSolution
		SolutionGuid = {CFBF39DF-AFD2-4BFC-ABAC-7F93BE194776}
	EndGlobalSection
EndGlobal
